
Microsoft Visual Studio Solution File, Format Version 12.00
# Visual Studio Version 17
VisualStudioVersion = 17.14.36202.13
MinimumVisualStudioVersion = 10.0.40219.1
Project("{FAE04EC0-301F-11D3-BF4B-00C04F79EFBC}") = "PA_521", "PA_521\PA_521.csproj", "{1A6FC47A-F28C-40F1-870F-252ED50A8C5D}"
EndProject
Project("{FAE04EC0-301F-11D3-BF4B-00C04F79EFBC}") = "MyConsole", "MyConsole\MyConsole.csproj", "{6627AFA4-6CFA-436B-BA71-823CF08E5EA0}"
EndProject
Global
	GlobalSection(SolutionConfigurationPlatforms) = preSolution
		Debug|Any CPU = Debug|Any CPU
		Release|Any CPU = Release|Any CPU
	EndGlobalSection
	GlobalSection(ProjectConfigurationPlatforms) = postSolution
		{1A6FC47A-F28C-40F1-870F-252ED50A8C5D}.Debug|Any CPU.ActiveCfg = Debug|Any CPU
		{1A6FC47A-F28C-40F1-870F-252ED50A8C5D}.Debug|Any CPU.Build.0 = Debug|Any CPU
		{1A6FC47A-F28C-40F1-870F-252ED50A8C5D}.Release|Any CPU.ActiveCfg = Release|Any CPU
		{1A6FC47A-F28C-40F1-870F-252ED50A8C5D}.Release|Any CPU.Build.0 = Release|Any CPU
		{6627AFA4-6CFA-436B-BA71-823CF08E5EA0}.Debug|Any CPU.ActiveCfg = Debug|Any CPU
		{6627AFA4-6CFA-436B-BA71-823CF08E5EA0}.Debug|Any CPU.Build.0 = Debug|Any CPU
		{6627AFA4-6CFA-436B-BA71-823CF08E5EA0}.Release|Any CPU.ActiveCfg = Release|Any CPU
		{6627AFA4-6CFA-436B-BA71-823CF08E5EA0}.Release|Any CPU.Build.0 = Release|Any CPU
	EndGlobalSection
	GlobalSection(SolutionProperties) = preSolution
		HideSolutionNode = FALSE
	EndGlobalSection
	GlobalSection(ExtensibilityGlobals) = postSolution
		SolutionGuid = {D0E8281B-D19C-40A0-AA56-E15DDD091E60}
	EndGlobalSection
EndGlobal
